
Microsoft Visual Studio Solution File, Format Version 12.00
Project("{FAE04EC0-301F-11D3-BF4B-00C04F79EFBC}") = "Individual_project", "Individual_project\Individual_project.csproj", "{B0A56202-C427-415C-9EBF-8F7CC64C4590}"
EndProject
Global
	GlobalSection(SolutionConfigurationPlatforms) = preSolution
		Debug|Any CPU = Debug|Any CPU
		Release|Any CPU = Release|Any CPU
	EndGlobalSection
	GlobalSection(ProjectConfigurationPlatforms) = postSolution
		{B0A56202-C427-415C-9EBF-8F7CC64C4590}.Debug|Any CPU.ActiveCfg = Debug|Any CPU
		{B0A56202-C427-415C-9EBF-8F7CC64C4590}.Debug|Any CPU.Build.0 = Debug|Any CPU
		{B0A56202-C427-415C-9EBF-8F7CC64C4590}.Release|Any CPU.ActiveCfg = Release|Any CPU
		{B0A56202-C427-415C-9EBF-8F7CC64C4590}.Release|Any CPU.Build.0 = Release|Any CPU
	EndGlobalSection
EndGlobal
