
Microsoft Visual Studio Solution File, Format Version 12.00
Project("{FAE04EC0-301F-11D3-BF4B-00C04F79EFBC}") = "Viselica", "Viselica\Viselica.csproj", "{518D34C8-BFA4-4BFB-B2FF-654FB56E67BE}"
EndProject
Global
	GlobalSection(SolutionConfigurationPlatforms) = preSolution
		Debug|Any CPU = Debug|Any CPU
		Release|Any CPU = Release|Any CPU
	EndGlobalSection
	GlobalSection(ProjectConfigurationPlatforms) = postSolution
		{518D34C8-BFA4-4BFB-B2FF-654FB56E67BE}.Debug|Any CPU.ActiveCfg = Debug|Any CPU
		{518D34C8-BFA4-4BFB-B2FF-654FB56E67BE}.Debug|Any CPU.Build.0 = Debug|Any CPU
		{518D34C8-BFA4-4BFB-B2FF-654FB56E67BE}.Release|Any CPU.ActiveCfg = Release|Any CPU
		{518D34C8-BFA4-4BFB-B2FF-654FB56E67BE}.Release|Any CPU.Build.0 = Release|Any CPU
	EndGlobalSection
EndGlobal
