
Microsoft Visual Studio Solution File, Format Version 12.00
Project("{FAE04EC0-301F-11D3-BF4B-00C04F79EFBC}") = "BD", "BD\BD.csproj", "{B48F0420-6EFA-424B-8A54-8E838410CDD2}"
EndProject
Global
	GlobalSection(SolutionConfigurationPlatforms) = preSolution
		Debug|Any CPU = Debug|Any CPU
		Release|Any CPU = Release|Any CPU
	EndGlobalSection
	GlobalSection(ProjectConfigurationPlatforms) = postSolution
		{B48F0420-6EFA-424B-8A54-8E838410CDD2}.Debug|Any CPU.ActiveCfg = Debug|Any CPU
		{B48F0420-6EFA-424B-8A54-8E838410CDD2}.Debug|Any CPU.Build.0 = Debug|Any CPU
		{B48F0420-6EFA-424B-8A54-8E838410CDD2}.Release|Any CPU.ActiveCfg = Release|Any CPU
		{B48F0420-6EFA-424B-8A54-8E838410CDD2}.Release|Any CPU.Build.0 = Release|Any CPU
	EndGlobalSection
EndGlobal
